[root]
name = "iomrascálaí"
version = "0.1.0"
dependencies = [
 "getopts 0.2.0 (registry+https://github.com/rust-lang/crates.io-index)",
 "regex 0.1.11 (registry+https://github.com/rust-lang/crates.io-index)",
 "regex_macros 0.1.6 (registry+https://github.com/rust-lang/crates.io-index)",
 "rustc-serialize 0.2.10 (registry+https://github.com/rust-lang/crates.io-index)",
]

[[package]]
name = "getopts"
version = "0.2.0"
source = "registry+https://github.com/rust-lang/crates.io-index"

[[package]]
name = "regex"
version = "0.1.11"
source = "registry+https://github.com/rust-lang/crates.io-index"

[[package]]
name = "regex_macros"
version = "0.1.6"
source = "registry+https://github.com/rust-lang/crates.io-index"
dependencies = [
 "regex 0.1.11 (registry+https://github.com/rust-lang/crates.io-index)",
]

[[package]]
name = "rustc-serialize"
version = "0.2.10"
source = "registry+https://github.com/rust-lang/crates.io-index"

